
Microsoft Visual Studio Solution File, Format Version 12.00
# Visual Studio Version 17
VisualStudioVersion = 17.11.35303.130
MinimumVisualStudioVersion = 10.0.40219.1
Project("{FAE04EC0-301F-11D3-BF4B-00C04F79EFBC}") = "Authentication", "Authentication\Authentication.csproj", "{FFF42D15-3EF2-4F89-9298-7F4F69DB71AA}"
EndProject
Global
	GlobalSection(SolutionConfigurationPlatforms) = preSolution
		Debug|Any CPU = Debug|Any CPU
		Release|Any CPU = Release|Any CPU
	EndGlobalSection
	GlobalSection(ProjectConfigurationPlatforms) = postSolution
		{FFF42D15-3EF2-4F89-9298-7F4F69DB71AA}.Debug|Any CPU.ActiveCfg = Debug|Any CPU
		{FFF42D15-3EF2-4F89-9298-7F4F69DB71AA}.Debug|Any CPU.Build.0 = Debug|Any CPU
		{FFF42D15-3EF2-4F89-9298-7F4F69DB71AA}.Release|Any CPU.ActiveCfg = Release|Any CPU
		{FFF42D15-3EF2-4F89-9298-7F4F69DB71AA}.Release|Any CPU.Build.0 = Release|Any CPU
	EndGlobalSection
	GlobalSection(SolutionProperties) = preSolution
		HideSolutionNode = FALSE
	EndGlobalSection
	GlobalSection(ExtensibilityGlobals) = postSolution
		SolutionGuid = {AB335861-A669-4B16-B334-4154A0F4D9C1}
	EndGlobalSection
EndGlobal
